
Microsoft Visual Studio Solution File, Format Version 12.00
# Visual Studio Version 17
VisualStudioVersion = 17.1.32319.34
MinimumVisualStudioVersion = 10.0.40219.1
Project("{9A19103F-16F7-4668-BE54-9A1E7A4F7556}") = "BlazorBattles.Server", "BlazorBattles\Server\BlazorBattles.Server.csproj", "{C162C77D-5855-4369-9859-432E34FBBDC8}"
EndProject
Project("{9A19103F-16F7-4668-BE54-9A1E7A4F7556}") = "BlazorBattles.Client", "BlazorBattles\Client\BlazorBattles.Client.csproj", "{5D1E1F3B-3FF1-4053-A00B-ABF2C712AFD1}"
EndProject
Project("{9A19103F-16F7-4668-BE54-9A1E7A4F7556}") = "BlazorBattles.Shared", "BlazorBattles\Shared\BlazorBattles.Shared.csproj", "{51D3B11D-1630-43A1-BDBF-14F62851FAE0}"
EndProject
Global
	GlobalSection(SolutionConfigurationPlatforms) = preSolution
		Debug|Any CPU = Debug|Any CPU
		Release|Any CPU = Release|Any CPU
	EndGlobalSection
	GlobalSection(ProjectConfigurationPlatforms) = postSolution
		{C162C77D-5855-4369-9859-432E34FBBDC8}.Debug|Any CPU.ActiveCfg = Debug|Any CPU
		{C162C77D-5855-4369-9859-432E34FBBDC8}.Debug|Any CPU.Build.0 = Debug|Any CPU
		{C162C77D-5855-4369-9859-432E34FBBDC8}.Release|Any CPU.ActiveCfg = Release|Any CPU
		{C162C77D-5855-4369-9859-432E34FBBDC8}.Release|Any CPU.Build.0 = Release|Any CPU
		{5D1E1F3B-3FF1-4053-A00B-ABF2C712AFD1}.Debug|Any CPU.ActiveCfg = Debug|Any CPU
		{5D1E1F3B-3FF1-4053-A00B-ABF2C712AFD1}.Debug|Any CPU.Build.0 = Debug|Any CPU
		{5D1E1F3B-3FF1-4053-A00B-ABF2C712AFD1}.Release|Any CPU.ActiveCfg = Release|Any CPU
		{5D1E1F3B-3FF1-4053-A00B-ABF2C712AFD1}.Release|Any CPU.Build.0 = Release|Any CPU
		{51D3B11D-1630-43A1-BDBF-14F62851FAE0}.Debug|Any CPU.ActiveCfg = Debug|Any CPU
		{51D3B11D-1630-43A1-BDBF-14F62851FAE0}.Debug|Any CPU.Build.0 = Debug|Any CPU
		{51D3B11D-1630-43A1-BDBF-14F62851FAE0}.Release|Any CPU.ActiveCfg = Release|Any CPU
		{51D3B11D-1630-43A1-BDBF-14F62851FAE0}.Release|Any CPU.Build.0 = Release|Any CPU
	EndGlobalSection
	GlobalSection(SolutionProperties) = preSolution
		HideSolutionNode = FALSE
	EndGlobalSection
	GlobalSection(ExtensibilityGlobals) = postSolution
		SolutionGuid = {C5BCC0C9-1443-497B-8120-D603B6AB3802}
	EndGlobalSection
EndGlobal
